// !$*UTF8*$!
{
	archiveVersion = 1;
	classes = {
	};
	objectVersion = 56;
	objects = {

/* Begin PBXBuildFile section */
		2ABC07BF2A9BA66C001EB7BD /* AppDelegate.swift in Sources */ = {isa = PBXBuildFile; fileRef = 2ABC07BE2A9BA66C001EB7BD /* AppDelegate.swift */; };
		2ABC07C12A9BA66C001EB7BD /* SceneDelegate.swift in Sources */ = {isa = PBXBuildFile; fileRef = 2ABC07C02A9BA66C001EB7BD /* SceneDelegate.swift */; };
		2ABC07C32A9BA66C001EB7BD /* ViewController.swift in Sources */ = {isa = PBXBuildFile; fileRef = 2ABC07C22A9BA66C001EB7BD /* ViewController.swift */; };
		2ABC07C62A9BA66C001EB7BD /* Main.storyboard in Resources */ = {isa = PBXBuildFile; fileRef = 2ABC07C42A9BA66C001EB7BD /* Main.storyboard */; };
		2ABC07C82A9BA66D001EB7BD /* Assets.xcassets in Resources */ = {isa = PBXBuildFile; fileRef = 2ABC07C72A9BA66D001EB7BD /* Assets.xcassets */; };
		2ABC07CB2A9BA66D001EB7BD /* LaunchScreen.storyboard in Resources */ = {isa = PBXBuildFile; fileRef = 2ABC07C92A9BA66D001EB7BD /* LaunchScreen.storyboard */; };
		2ABC07D42A9BB166001EB7BD /* CustomCell.swift in Sources */ = {isa = PBXBuildFile; fileRef = 2ABC07D22A9BB166001EB7BD /* CustomCell.swift */; };
		2ABC07D52A9BB166001EB7BD /* CustomCell.xib in Resources */ = {isa = PBXBuildFile; fileRef = 2ABC07D32A9BB166001EB7BD /* CustomCell.xib */; };
/* End PBXBuildFile section */

/* Begin PBXFileReference section */
		2ABC07BB2A9BA66C001EB7BD /* TableViewADG.app */ = {isa = PBXFileReference; explicitFileType = wrapper.application; includeInIndex = 0; path = TableViewADG.app; sourceTree = BUILT_PRODUCTS_DIR; };
		2ABC07BE2A9BA66C001EB7BD /* AppDelegate.swift */ = {isa = PBXFileReference; lastKnownFileType = sourcecode.swift; path = AppDelegate.swift; sourceTree = "<group>"; };
		2ABC07C02A9BA66C001EB7BD /* SceneDelegate.swift */ = {isa = PBXFileReference; lastKnownFileType = sourcecode.swift; path = SceneDelegate.swift; sourceTree = "<group>"; };
		2ABC07C22A9BA66C001EB7BD /* ViewController.swift */ = {isa = PBXFileReference; lastKnownFileType = sourcecode.swift; path = ViewController.swift; sourceTree = "<group>"; };
		2ABC07C52A9BA66C001EB7BD /* Base */ = {isa = PBXFileReference; lastKnownFileType = file.storyboard; name = Base; path = Base.lproj/Main.storyboard; sourceTree = "<group>"; };
		2ABC07C72A9BA66D001EB7BD /* Assets.xcassets */ = {isa = PBXFileReference; lastKnownFileType = folder.assetcatalog; path = Assets.xcassets; sourceTree = "<group>"; };
		2ABC07CA2A9BA66D001EB7BD /* Base */ = {isa = PBXFileReference; lastKnownFileType = file.storyboard; name = Base; path = Base.lproj/LaunchScreen.storyboard; sourceTree = "<group>"; };
		2ABC07CC2A9BA66D001EB7BD /* Info.plist */ = {isa = PBXFileReference; lastKnownFileType = text.plist.xml; path = Info.plist; sourceTree = "<group>"; };
		2ABC07D22A9BB166001EB7BD /* CustomCell.swift */ = {isa = PBXFileReference; lastKnownFileType = sourcecode.swift; path = CustomCell.swift; sourceTree = "<group>"; };
		2ABC07D32A9BB166001EB7BD /* CustomCell.xib */ = {isa = PBXFileReference; lastKnownFileType = file.xib; path = CustomCell.xib; sourceTree = "<group>"; };
/* End PBXFileReference section */

/* Begin PBXFrameworksBuildPhase section */
		2ABC07B82A9BA66C001EB7BD /* Frameworks */ = {
			isa = PBXFrameworksBuildPhase;
			buildActionMask = 2147483647;
			files = (
			);
			runOnlyForDeploymentPostprocessing = 0;
		};
/* End PBXFrameworksBuildPhase section */

/* Begin PBXGroup section */
		2ABC07B22A9BA66C001EB7BD = {
			isa = PBXGroup;
			children = (
				2ABC07BD2A9BA66C001EB7BD /* TableViewADG */,
				2ABC07BC2A9BA66C001EB7BD /* Products */,
			);
			sourceTree = "<group>";
		};
		2ABC07BC2A9BA66C001EB7BD /* Products */ = {
			isa = PBXGroup;
			children = (
				2ABC07BB2A9BA66C001EB7BD /* TableViewADG.app */,
			);
			name = Products;
			sourceTree = "<group>";
		};
		2ABC07BD2A9BA66C001EB7BD /* TableViewADG */ = {
			isa = PBXGroup;
			children = (
				2ABC07BE2A9BA66C001EB7BD /* AppDelegate.swift */,
				2ABC07C02A9BA66C001EB7BD /* SceneDelegate.swift */,
				2ABC07C22A9BA66C001EB7BD /* ViewController.swift */,
				2ABC07C42A9BA66C001EB7BD /* Main.storyboard */,
				2ABC07C72A9BA66D001EB7BD /* Assets.xcassets */,
				2ABC07C92A9BA66D001EB7BD /* LaunchScreen.storyboard */,
				2ABC07CC2A9BA66D001EB7BD /* Info.plist */,
				2ABC07D22A9BB166001EB7BD /* CustomCell.swift */,
				2ABC07D32A9BB166001EB7BD /* CustomCell.xib */,
			);
			path = TableViewADG;
			sourceTree = "<group>";
		};
/* End PBXGroup section */

/* Begin PBXNativeTarget section */
		2ABC07BA2A9BA66C001EB7BD /* TableViewADG */ = {
			isa = PBXNativeTarget;
			buildConfigurationList = 2ABC07CF2A9BA66D001EB7BD /* Build configuration list for PBXNativeTarget "TableViewADG" */;
			buildPhases = (
				2ABC07B72A9BA66C001EB7BD /* Sources */,
				2ABC07B82A9BA66C001EB7BD /* Frameworks */,
				2ABC07B92A9BA66C001EB7BD /* Resources */,
			);
			buildRules = (
			);
			dependencies = (
			);
			name = TableViewADG;
			productName = TableViewADG;
			productReference = 2ABC07BB2A9BA66C001EB7BD /* TableViewADG.app */;
			productType = "com.apple.product-type.application";
		};
/* End PBXNativeTarget section */

/* Begin PBXProject section */
		2ABC07B32A9BA66C001EB7BD /* Project object */ = {
			isa = PBXProject;
			attributes = {
				BuildIndependentTargetsInParallel = 1;
				LastSwiftUpdateCheck = 1430;
				LastUpgradeCheck = 1430;
				TargetAttributes = {
					2ABC07BA2A9BA66C001EB7BD = {
						CreatedOnToolsVersion = 14.3.1;
					};
				};
			};
			buildConfigurationList = 2ABC07B62A9BA66C001EB7BD /* Build configuration list for PBXProject "TableViewADG" */;
			compatibilityVersion = "Xcode 14.0";
			developmentRegion = en;
			hasScannedForEncodings = 0;
			knownRegions = (
				en,
				Base,
			);
			mainGroup = 2ABC07B22A9BA66C001EB7BD;
			productRefGroup = 2ABC07BC2A9BA66C001EB7BD /* Products */;
			projectDirPath = "";
			projectRoot = "";
			targets = (
				2ABC07BA2A9BA66C001EB7BD /* TableViewADG */,
			);
		};
/* End PBXProject section */

/* Begin PBXResourcesBuildPhase section */
		2ABC07B92A9BA66C001EB7BD /* Resources */ = {
			isa = PBXResourcesBuildPhase;
			buildActionMask = 2147483647;
			files = (
				2ABC07CB2A9BA66D001EB7BD /* LaunchScreen.storyboard in Resources */,
				2ABC07C82A9BA66D001EB7BD /* Assets.xcassets in Resources */,
				2ABC07D52A9BB166001EB7BD /* CustomCell.xib in Resources */,
				2ABC07C62A9BA66C001EB7BD /* Main.storyboard in Resources */,
			);
			runOnlyForDeploymentPostprocessing = 0;
		};
/* End PBXResourcesBuildPhase section */

/* Begin PBXSourcesBuildPhase section */
		2ABC07B72A9BA66C001EB7BD /* Sources */ = {
			isa = PBXSourcesBuildPhase;
			buildActionMask = 2147483647;
			files = (
				2ABC07C32A9BA66C001EB7BD /* ViewController.swift in Sources */,
				2ABC07BF2A9BA66C001EB7BD /* AppDelegate.swift in Sources */,
				2ABC07D42A9BB166001EB7BD /* CustomCell.swift in Sources */,
				2ABC07C12A9BA66C001EB7BD /* SceneDelegate.swift in Sources */,
			);
			runOnlyForDeploymentPostprocessing = 0;
		};
/* End PBXSourcesBuildPhase section */

/* Begin PBXVariantGroup section */
		2ABC07C42A9BA66C001EB7BD /* Main.storyboard */ = {
			isa = PBXVariantGroup;
			children = (
				2ABC07C52A9BA66C001EB7BD /* Base */,
			);
			name = Main.storyboard;
			sourceTree = "<group>";
		};
		2ABC07C92A9BA66D001EB7BD /* LaunchScreen.storyboard */ = {
			isa = PBXVariantGroup;
			children = (
				2ABC07CA2A9BA66D001EB7BD /* Base */,
			);
			name = LaunchScreen.storyboard;
			sourceTree = "<group>";
		};
/* End PBXVariantGroup section */

/* Begin XCBuildConfiguration section */
		2ABC07CD2A9BA66D001EB7BD /* Debug */ = {
			isa = XCBuildConfiguration;
			buildSettings = {
				ALWAYS_SEARCH_USER_PATHS = NO;
				CLANG_ANALYZER_NONNULL = YES;
				CLANG_ANALYZER_NUMBER_OBJECT_CONVERSION = YES_AGGRESSIVE;
				CLANG_CXX_LANGUAGE_STANDARD = "gnu++20";
				CLANG_ENABLE_MODULES = YES;
				CLANG_ENABLE_OBJC_ARC = YES;
				CLANG_ENABLE_OBJC_WEAK = YES;
				CLANG_WARN_BLOCK_CAPTURE_AUTORELEASING = YES;
				CLANG_WARN_BOOL_CONVERSION = YES;
				CLANG_WARN_COMMA = YES;
				CLANG_WARN_CONSTANT_CONVERSION = YES;
				CLANG_WARN_DEPRECATED_OBJC_IMPLEMENTATIONS = YES;
				CLANG_WARN_DIRECT_OBJC_ISA_USAGE = YES_ERROR;
				CLANG_WARN_DOCUMENTATION_COMMENTS = YES;
				CLANG_WARN_EMPTY_BODY = YES;
				CLANG_WARN_ENUM_CONVERSION = YES;
				CLANG_WARN_INFINITE_RECURSION = YES;
				CLANG_WARN_INT_CONVERSION = YES;
				CLANG_WARN_NON_LITERAL_NULL_CONVERSION = YES;
				CLANG_WARN_OBJC_IMPLICIT_RETAIN_SELF = YES;
				CLANG_WARN_OBJC_LITERAL_CONVERSION = YES;
				CLANG_WARN_OBJC_ROOT_CLASS = YES_ERROR;
				CLANG_WARN_QUOTED_INCLUDE_IN_FRAMEWORK_HEADER = YES;
				CLANG_WARN_RANGE_LOOP_ANALYSIS = YES;
				CLANG_WARN_STRICT_PROTOTYPES = YES;
				CLANG_WARN_SUSPICIOUS_MOVE = YES;
				CLANG_WARN_UNGUARDED_AVAILABILITY = YES_AGGRESSIVE;
				CLANG_WARN_UNREACHABLE_CODE = YES;
				CLANG_WARN__DUPLICATE_METHOD_MATCH = YES;
				COPY_PHASE_STRIP = NO;
				DEBUG_INFORMATION_FORMAT = dwarf;
				ENABLE_STRICT_OBJC_MSGSEND = YES;
				ENABLE_TESTABILITY = YES;
				GCC_C_LANGUAGE_STANDARD = gnu11;
				GCC_DYNAMIC_NO_PIC = NO;
				GCC_NO_COMMON_BLOCKS = YES;
				GCC_OPTIMIZATION_LEVEL = 0;
				GCC_PREPROCESSOR_DEFINITIONS = (
					"DEBUG=1",
					"$(inherited)",
				);
				GCC_WARN_64_TO_32_BIT_CONVERSION = YES;
				GCC_WARN_ABOUT_RETURN_TYPE = YES_ERROR;
				GCC_WARN_UNDECLARED_SELECTOR = YES;
				GCC_WARN_UNINITIALIZED_AUTOS = YES_AGGRESSIVE;
				GCC_WARN_UNUSED_FUNCTION = YES;
				GCC_WARN_UNUSED_VARIABLE = YES;
				IPHONEOS_DEPLOYMENT_TARGET = 16.4;
				MTL_ENABLE_DEBUG_INFO = INCLUDE_SOURCE;
				MTL_FAST_MATH = YES;
				ONLY_ACTIVE_ARCH = YES;
				SDKROOT = iphoneos;
				SWIFT_ACTIVE_COMPILATION_CONDITIONS = DEBUG;
				SWIFT_OPTIMIZATION_LEVEL = "-Onone";
			};
			name = Debug;
		};
		2ABC07CE2A9BA66D001EB7BD /* Release */ = {
			isa = XCBuildConfiguration;
			buildSettings = {
				ALWAYS_SEARCH_USER_PATHS = NO;
				CLANG_ANALYZER_NONNULL = YES;
				CLANG_ANALYZER_NUMBER_OBJECT_CONVERSION = YES_AGGRESSIVE;
				CLANG_CXX_LANGUAGE_STANDARD = "gnu++20";
				CLANG_ENABLE_MODULES = YES;
				CLANG_ENABLE_OBJC_ARC = YES;
				CLANG_ENABLE_OBJC_WEAK = YES;
				CLANG_WARN_BLOCK_CAPTURE_AUTORELEASING = YES;
				CLANG_WARN_BOOL_CONVERSION = YES;
				CLANG_WARN_COMMA = YES;
				CLANG_WARN_CONSTANT_CONVERSION = YES;
				CLANG_WARN_DEPRECATED_OBJC_IMPLEMENTATIONS = YES;
				CLANG_WARN_DIRECT_OBJC_ISA_USAGE = YES_ERROR;
				CLANG_WARN_DOCUMENTATION_COMMENTS = YES;
				CLANG_WARN_EMPTY_BODY = YES;
				CLANG_WARN_ENUM_CONVERSION = YES;
				CLANG_WARN_INFINITE_RECURSION = YES;
				CLANG_WARN_INT_CONVERSION = YES;
				CLANG_WARN_NON_LITERAL_NULL_CONVERSION = YES;
				CLANG_WARN_OBJC_IMPLICIT_RETAIN_SELF = YES;
				CLANG_WARN_OBJC_LITERAL_CONVERSION = YES;
				CLANG_WARN_OBJC_ROOT_CLASS = YES_ERROR;
				CLANG_WARN_QUOTED_INCLUDE_IN_FRAMEWORK_HEADER = YES;
				CLANG_WARN_RANGE_LOOP_ANALYSIS = YES;
				CLANG_WARN_STRICT_PROTOTYPES = YES;
				CLANG_WARN_SUSPICIOUS_MOVE = YES;
				CLANG_WARN_UNGUARDED_AVAILABILITY = YES_AGGRESSIVE;
				CLANG_WARN_UNREACHABLE_CODE = YES;
				CLANG_WARN__DUPLICATE_METHOD_MATCH = YES;
				COPY_PHASE_STRIP = NO;
				DEBUG_INFORMATION_FORMAT = "dwarf-with-dsym";
				ENABLE_NS_ASSERTIONS = NO;
				ENABLE_STRICT_OBJC_MSGSEND = YES;
				GCC_C_LANGUAGE_STANDARD = gnu11;
				GCC_NO_COMMON_BLOCKS = YES;
				GCC_WARN_64_TO_32_BIT_CONVERSION = YES;
				GCC_WARN_ABOUT_RETURN_TYPE = YES_ERROR;
				GCC_WARN_UNDECLARED_SELECTOR = YES;
				GCC_WARN_UNINITIALIZED_AUTOS = YES_AGGRESSIVE;
				GCC_WARN_UNUSED_FUNCTION = YES;
				GCC_WARN_UNUSED_VARIABLE = YES;
				IPHONEOS_DEPLOYMENT_TARGET = 16.4;
				MTL_ENABLE_DEBUG_INFO = NO;
				MTL_FAST_MATH = YES;
				SDKROOT = iphoneos;
				SWIFT_COMPILATION_MODE = wholemodule;
				SWIFT_OPTIMIZATION_LEVEL = "-O";
				VALIDATE_PRODUCT = YES;
			};
			name = Release;
		};
		2ABC07D02A9BA66D001EB7BD /* Debug */ = {
			isa = XCBuildConfiguration;
			buildSettings = {
				ASSETCATALOG_COMPILER_APPICON_NAME = AppIcon;
				ASSETCATALOG_COMPILER_GLOBAL_ACCENT_COLOR_NAME = AccentColor;
				CODE_SIGN_STYLE = Automatic;
				CURRENT_PROJECT_VERSION = 1;
				GENERATE_INFOPLIST_FILE = YES;
				INFOPLIST_FILE = TableViewADG/Info.plist;
				INFOPLIST_KEY_UIApplicationSupportsIndirectInputEvents = YES;
				INFOPLIST_KEY_UILaunchStoryboardName = LaunchScreen;
				INFOPLIST_KEY_UIMainStoryboardFile = Main;
				INFOPLIST_KEY_UISupportedInterfaceOrientations_iPad = "UIInterfaceOrientationPortrait UIInterfaceOrientationPortraitUpsideDown UIInterfaceOrientationLandscapeLeft UIInterfaceOrientationLandscapeRight";
				INFOPLIST_KEY_UISupportedInterfaceOrientations_iPhone = "UIInterfaceOrientationPortrait UIInterfaceOrientationLandscapeLeft UIInterfaceOrientationLandscapeRight";
				LD_RUNPATH_SEARCH_PATHS = (
					"$(inherited)",
					"@executable_path/Frameworks",
				);
				MARKETING_VERSION = 1.0;
				PRODUCT_BUNDLE_IDENTIFIER = com.ayush.TableViewADG;
				PRODUCT_NAME = "$(TARGET_NAME)";
				SWIFT_EMIT_LOC_STRINGS = YES;
				SWIFT_VERSION = 5.0;
				TARGETED_DEVICE_FAMILY = "1,2";
			};
			name = Debug;
		};
		2ABC07D12A9BA66D001EB7BD /* Release */ = {
			isa = XCBuildConfiguration;
			buildSettings = {
				ASSETCATALOG_COMPILER_APPICON_NAME = AppIcon;
				ASSETCATALOG_COMPILER_GLOBAL_ACCENT_COLOR_NAME = AccentColor;
				CODE_SIGN_STYLE = Automatic;
				CURRENT_PROJECT_VERSION = 1;
				GENERATE_INFOPLIST_FILE = YES;
				INFOPLIST_FILE = TableViewADG/Info.plist;
				INFOPLIST_KEY_UIApplicationSupportsIndirectInputEvents = YES;
				INFOPLIST_KEY_UILaunchStoryboardName = LaunchScreen;
				INFOPLIST_KEY_UIMainStoryboardFile = Main;
				INFOPLIST_KEY_UISupportedInterfaceOrientations_iPad = "UIInterfaceOrientationPortrait UIInterfaceOrientationPortraitUpsideDown UIInterfaceOrientationLandscapeLeft UIInterfaceOrientationLandscapeRight";
				INFOPLIST_KEY_UISupportedInterfaceOrientations_iPhone = "UIInterfaceOrientationPortrait UIInterfaceOrientationLandscapeLeft UIInterfaceOrientationLandscapeRight";
				LD_RUNPATH_SEARCH_PATHS = (
					"$(inherited)",
					"@executable_path/Frameworks",
				);
				MARKETING_VERSION = 1.0;
				PRODUCT_BUNDLE_IDENTIFIER = com.ayush.TableViewADG;
				PRODUCT_NAME = "$(TARGET_NAME)";
				SWIFT_EMIT_LOC_STRINGS = YES;
				SWIFT_VERSION = 5.0;
				TARGETED_DEVICE_FAMILY = "1,2";
			};
			name = Release;
		};
/* End XCBuildConfiguration section */

/* Begin XCConfigurationList section */
		2ABC07B62A9BA66C001EB7BD /* Build configuration list for PBXProject "TableViewADG" */ = {
			isa = XCConfigurationList;
			buildConfigurations = (
				2ABC07CD2A9BA66D001EB7BD /* Debug */,
				2ABC07CE2A9BA66D001EB7BD /* Release */,
			);
			defaultConfigurationIsVisible = 0;
			defaultConfigurationName = Release;
		};
		2ABC07CF2A9BA66D001EB7BD /* Build configuration list for PBXNativeTarget "TableViewADG" */ = {
			isa = XCConfigurationList;
			buildConfigurations = (
				2ABC07D02A9BA66D001EB7BD /* Debug */,
				2ABC07D12A9BA66D001EB7BD /* Release */,
			);
			defaultConfigurationIsVisible = 0;
			defaultConfigurationName = Release;
		};
/* End XCConfigurationList section */
	};
	rootObject = 2ABC07B32A9BA66C001EB7BD /* Project object */;
}
